
Microsoft Visual Studio Solution File, Format Version 12.00
# Visual Studio Version 16
VisualStudioVersion = 16.0.31624.102
MinimumVisualStudioVersion = 10.0.40219.1
Project("{FAE04EC0-301F-11D3-BF4B-00C04F79EFBC}") = "EmpoyeeWageOops", "EmpoyeeWageOops\EmpoyeeWageOops.csproj", "{980E4BF9-8C1E-4D0F-BFFD-4DF202CC6E39}"
EndProject
Global
	GlobalSection(SolutionConfigurationPlatforms) = preSolution
		Debug|Any CPU = Debug|Any CPU
		Release|Any CPU = Release|Any CPU
	EndGlobalSection
	GlobalSection(ProjectConfigurationPlatforms) = postSolution
		{980E4BF9-8C1E-4D0F-BFFD-4DF202CC6E39}.Debug|Any CPU.ActiveCfg = Debug|Any CPU
		{980E4BF9-8C1E-4D0F-BFFD-4DF202CC6E39}.Debug|Any CPU.Build.0 = Debug|Any CPU
		{980E4BF9-8C1E-4D0F-BFFD-4DF202CC6E39}.Release|Any CPU.ActiveCfg = Release|Any CPU
		{980E4BF9-8C1E-4D0F-BFFD-4DF202CC6E39}.Release|Any CPU.Build.0 = Release|Any CPU
	EndGlobalSection
	GlobalSection(SolutionProperties) = preSolution
		HideSolutionNode = FALSE
	EndGlobalSection
	GlobalSection(ExtensibilityGlobals) = postSolution
		SolutionGuid = {B9A5E52B-CA7D-4B15-9A2B-AC49D038C55C}
	EndGlobalSection
EndGlobal
